// !$*UTF8*$!
{
	archiveVersion = 1;
	classes = {
	};
	objectVersion = 46;
	objects = {

/* Begin PBXBuildFile section */
		8432AFC31D86EA2000A6461B /* MatchesTableViewCell.swift in Sources */ = {isa = PBXBuildFile; fileRef = 8432AFC21D86EA2000A6461B /* MatchesTableViewCell.swift */; };
		8451560A1D7820D500A357BD /* CompititionTableViewCell.swift in Sources */ = {isa = PBXBuildFile; fileRef = 845156091D7820D500A357BD /* CompititionTableViewCell.swift */; };
		8451560D1D782C8700A357BD /* VKCheckbox.swift in Sources */ = {isa = PBXBuildFile; fileRef = 8451560C1D782C8700A357BD /* VKCheckbox.swift */; };
		846921F91D7D530100F8391D /* FootballDataModel.xcdatamodeld in Sources */ = {isa = PBXBuildFile; fileRef = 846921F71D7D530100F8391D /* FootballDataModel.xcdatamodeld */; };
		846921FD1D7D53F100F8391D /* CoreDataController.swift in Sources */ = {isa = PBXBuildFile; fileRef = 846921FC1D7D53F100F8391D /* CoreDataController.swift */; };
		84791D191D800AB00012CF3B /* MatchesViewController.swift in Sources */ = {isa = PBXBuildFile; fileRef = 84791D181D800AB00012CF3B /* MatchesViewController.swift */; };
		84791D1D1D8031630012CF3B /* ViewController1.swift in Sources */ = {isa = PBXBuildFile; fileRef = 84791D1C1D8031630012CF3B /* ViewController1.swift */; };
		84D149901D7708A800E99CCA /* AppDelegate.swift in Sources */ = {isa = PBXBuildFile; fileRef = 84D1498F1D7708A800E99CCA /* AppDelegate.swift */; };
		84D149921D7708A800E99CCA /* ViewController.swift in Sources */ = {isa = PBXBuildFile; fileRef = 84D149911D7708A800E99CCA /* ViewController.swift */; };
		84D149951D7708A800E99CCA /* Main.storyboard in Resources */ = {isa = PBXBuildFile; fileRef = 84D149931D7708A800E99CCA /* Main.storyboard */; };
		84D149971D7708A800E99CCA /* Assets.xcassets in Resources */ = {isa = PBXBuildFile; fileRef = 84D149961D7708A800E99CCA /* Assets.xcassets */; };
		84D1499A1D7708A800E99CCA /* LaunchScreen.storyboard in Resources */ = {isa = PBXBuildFile; fileRef = 84D149981D7708A800E99CCA /* LaunchScreen.storyboard */; };
		84D46D5B1D79832B00134E5D /* football-backgrounds-4.jpg in Resources */ = {isa = PBXBuildFile; fileRef = 84D46D5A1D79832B00134E5D /* football-backgrounds-4.jpg */; };
		84DA555B1D77FD080060E6BC /* Constant.swift in Sources */ = {isa = PBXBuildFile; fileRef = 84DA555A1D77FD080060E6BC /* Constant.swift */; };
		84DA555D1D77FF510060E6BC /* CompititionModal.swift in Sources */ = {isa = PBXBuildFile; fileRef = 84DA555C1D77FF510060E6BC /* CompititionModal.swift */; };
		84DA55661D7816A80060E6BC /* UEFA Champions League.jpeg in Resources */ = {isa = PBXBuildFile; fileRef = 84DA55651D7816A80060E6BC /* UEFA Champions League.jpeg */; };
/* End PBXBuildFile section */

/* Begin PBXFileReference section */
		8432AFC21D86EA2000A6461B /* MatchesTableViewCell.swift */ = {isa = PBXFileReference; fileEncoding = 4; lastKnownFileType = sourcecode.swift; name = MatchesTableViewCell.swift; path = ../MatchesTableViewCell.swift; sourceTree = "<group>"; };
		845156091D7820D500A357BD /* CompititionTableViewCell.swift */ = {isa = PBXFileReference; fileEncoding = 4; lastKnownFileType = sourcecode.swift; path = CompititionTableViewCell.swift; sourceTree = "<group>"; };
		8451560C1D782C8700A357BD /* VKCheckbox.swift */ = {isa = PBXFileReference; fileEncoding = 4; lastKnownFileType = sourcecode.swift; path = VKCheckbox.swift; sourceTree = "<group>"; };
		846921F81D7D530100F8391D /* FootballDataModel.xcdatamodel */ = {isa = PBXFileReference; lastKnownFileType = wrapper.xcdatamodel; path = FootballDataModel.xcdatamodel; sourceTree = "<group>"; };
		846921FC1D7D53F100F8391D /* CoreDataController.swift */ = {isa = PBXFileReference; fileEncoding = 4; lastKnownFileType = sourcecode.swift; path = CoreDataController.swift; sourceTree = "<group>"; };
		84791D181D800AB00012CF3B /* MatchesViewController.swift */ = {isa = PBXFileReference; fileEncoding = 4; lastKnownFileType = sourcecode.swift; path = MatchesViewController.swift; sourceTree = "<group>"; };
		84791D1C1D8031630012CF3B /* ViewController1.swift */ = {isa = PBXFileReference; fileEncoding = 4; lastKnownFileType = sourcecode.swift; path = ViewController1.swift; sourceTree = "<group>"; };
		84D1498C1D7708A800E99CCA /* FootballApp.app */ = {isa = PBXFileReference; explicitFileType = wrapper.application; includeInIndex = 0; path = FootballApp.app; sourceTree = BUILT_PRODUCTS_DIR; };
		84D1498F1D7708A800E99CCA /* AppDelegate.swift */ = {isa = PBXFileReference; lastKnownFileType = sourcecode.swift; path = AppDelegate.swift; sourceTree = "<group>"; };
		84D149911D7708A800E99CCA /* ViewController.swift */ = {isa = PBXFileReference; lastKnownFileType = sourcecode.swift; path = ViewController.swift; sourceTree = "<group>"; };
		84D149941D7708A800E99CCA /* Base */ = {isa = PBXFileReference; lastKnownFileType = file.storyboard; name = Base; path = Base.lproj/Main.storyboard; sourceTree = "<group>"; };
		84D149961D7708A800E99CCA /* Assets.xcassets */ = {isa = PBXFileReference; lastKnownFileType = folder.assetcatalog; path = Assets.xcassets; sourceTree = "<group>"; };
		84D149991D7708A800E99CCA /* Base */ = {isa = PBXFileReference; lastKnownFileType = file.storyboard; name = Base; path = Base.lproj/LaunchScreen.storyboard; sourceTree = "<group>"; };
		84D1499B1D7708A800E99CCA /* Info.plist */ = {isa = PBXFileReference; lastKnownFileType = text.plist.xml; path = Info.plist; sourceTree = "<group>"; };
		84D46D5A1D79832B00134E5D /* football-backgrounds-4.jpg */ = {isa = PBXFileReference; lastKnownFileType = image.jpeg; path = "football-backgrounds-4.jpg"; sourceTree = "<group>"; };
		84DA555A1D77FD080060E6BC /* Constant.swift */ = {isa = PBXFileReference; fileEncoding = 4; lastKnownFileType = sourcecode.swift; path = Constant.swift; sourceTree = "<group>"; };
		84DA555C1D77FF510060E6BC /* CompititionModal.swift */ = {isa = PBXFileReference; fileEncoding = 4; lastKnownFileType = sourcecode.swift; path = CompititionModal.swift; sourceTree = "<group>"; };
		84DA55651D7816A80060E6BC /* UEFA Champions League.jpeg */ = {isa = PBXFileReference; lastKnownFileType = image.jpeg; path = "UEFA Champions League.jpeg"; sourceTree = "<group>"; };
/* End PBXFileReference section */

/* Begin PBXFrameworksBuildPhase section */
		84D149891D7708A800E99CCA /* Frameworks */ = {
			isa = PBXFrameworksBuildPhase;
			buildActionMask = 2147483647;
			files = (
			);
			runOnlyForDeploymentPostprocessing = 0;
		};
/* End PBXFrameworksBuildPhase section */

/* Begin PBXGroup section */
		8451560B1D78213400A357BD /* Cell */ = {
			isa = PBXGroup;
			children = (
				8432AFC21D86EA2000A6461B /* MatchesTableViewCell.swift */,
				845156091D7820D500A357BD /* CompititionTableViewCell.swift */,
			);
			name = Cell;
			sourceTree = "<group>";
		};
		846921FA1D7D531200F8391D /* ThirdPartyApi */ = {
			isa = PBXGroup;
			children = (
				8451560C1D782C8700A357BD /* VKCheckbox.swift */,
			);
			name = ThirdPartyApi;
			sourceTree = "<group>";
		};
		846921FB1D7D533500F8391D /* Others */ = {
			isa = PBXGroup;
			children = (
				84DA555A1D77FD080060E6BC /* Constant.swift */,
				846921F71D7D530100F8391D /* FootballDataModel.xcdatamodeld */,
				84D149961D7708A800E99CCA /* Assets.xcassets */,
				84D149981D7708A800E99CCA /* LaunchScreen.storyboard */,
				84D1499B1D7708A800E99CCA /* Info.plist */,
			);
			name = Others;
			sourceTree = "<group>";
		};
		846921FE1D7D540000F8391D /* Controller */ = {
			isa = PBXGroup;
			children = (
				846921FC1D7D53F100F8391D /* CoreDataController.swift */,
			);
			name = Controller;
			sourceTree = "<group>";
		};
		84D149831D7708A800E99CCA = {
			isa = PBXGroup;
			children = (
				84D1498E1D7708A800E99CCA /* FootballApp */,
				84D1498D1D7708A800E99CCA /* Products */,
			);
			sourceTree = "<group>";
		};
		84D1498D1D7708A800E99CCA /* Products */ = {
			isa = PBXGroup;
			children = (
				84D1498C1D7708A800E99CCA /* FootballApp.app */,
			);
			name = Products;
			sourceTree = "<group>";
		};
		84D1498E1D7708A800E99CCA /* FootballApp */ = {
			isa = PBXGroup;
			children = (
				84DA55671D7816AC0060E6BC /* Images */,
				8451560B1D78213400A357BD /* Cell */,
				84DA555E1D77FF560060E6BC /* Modal Class */,
				846921FA1D7D531200F8391D /* ThirdPartyApi */,
				846921FB1D7D533500F8391D /* Others */,
				846921FE1D7D540000F8391D /* Controller */,
				84D1498F1D7708A800E99CCA /* AppDelegate.swift */,
				84791D1C1D8031630012CF3B /* ViewController1.swift */,
				84D149911D7708A800E99CCA /* ViewController.swift */,
				84791D181D800AB00012CF3B /* MatchesViewController.swift */,
				84D149931D7708A800E99CCA /* Main.storyboard */,
			);
			path = FootballApp;
			sourceTree = "<group>";
		};
		84DA555E1D77FF560060E6BC /* Modal Class */ = {
			isa = PBXGroup;
			children = (
				84DA555C1D77FF510060E6BC /* CompititionModal.swift */,
			);
			name = "Modal Class";
			sourceTree = "<group>";
		};
		84DA55671D7816AC0060E6BC /* Images */ = {
			isa = PBXGroup;
			children = (
				84D46D5A1D79832B00134E5D /* football-backgrounds-4.jpg */,
				84DA55651D7816A80060E6BC /* UEFA Champions League.jpeg */,
			);
			name = Images;
			sourceTree = "<group>";
		};
/* End PBXGroup section */

/* Begin PBXNativeTarget section */
		84D1498B1D7708A800E99CCA /* FootballApp */ = {
			isa = PBXNativeTarget;
			buildConfigurationList = 84D1499E1D7708A800E99CCA /* Build configuration list for PBXNativeTarget "FootballApp" */;
			buildPhases = (
				84D149881D7708A800E99CCA /* Sources */,
				84D149891D7708A800E99CCA /* Frameworks */,
				84D1498A1D7708A800E99CCA /* Resources */,
			);
			buildRules = (
			);
			dependencies = (
			);
			name = FootballApp;
			productName = FootballApp;
			productReference = 84D1498C1D7708A800E99CCA /* FootballApp.app */;
			productType = "com.apple.product-type.application";
		};
/* End PBXNativeTarget section */

/* Begin PBXProject section */
		84D149841D7708A800E99CCA /* Project object */ = {
			isa = PBXProject;
			attributes = {
				LastSwiftUpdateCheck = 0730;
				LastUpgradeCheck = 0730;
				ORGANIZATIONNAME = "Unixon Solutions";
				TargetAttributes = {
					84D1498B1D7708A800E99CCA = {
						CreatedOnToolsVersion = 7.3;
					};
				};
			};
			buildConfigurationList = 84D149871D7708A800E99CCA /* Build configuration list for PBXProject "FootballApp" */;
			compatibilityVersion = "Xcode 3.2";
			developmentRegion = English;
			hasScannedForEncodings = 0;
			knownRegions = (
				en,
				Base,
			);
			mainGroup = 84D149831D7708A800E99CCA;
			productRefGroup = 84D1498D1D7708A800E99CCA /* Products */;
			projectDirPath = "";
			projectRoot = "";
			targets = (
				84D1498B1D7708A800E99CCA /* FootballApp */,
			);
		};
/* End PBXProject section */

/* Begin PBXResourcesBuildPhase section */
		84D1498A1D7708A800E99CCA /* Resources */ = {
			isa = PBXResourcesBuildPhase;
			buildActionMask = 2147483647;
			files = (
				84DA55661D7816A80060E6BC /* UEFA Champions League.jpeg in Resources */,
				84D46D5B1D79832B00134E5D /* football-backgrounds-4.jpg in Resources */,
				84D1499A1D7708A800E99CCA /* LaunchScreen.storyboard in Resources */,
				84D149971D7708A800E99CCA /* Assets.xcassets in Resources */,
				84D149951D7708A800E99CCA /* Main.storyboard in Resources */,
			);
			runOnlyForDeploymentPostprocessing = 0;
		};
/* End PBXResourcesBuildPhase section */

/* Begin PBXSourcesBuildPhase section */
		84D149881D7708A800E99CCA /* Sources */ = {
			isa = PBXSourcesBuildPhase;
			buildActionMask = 2147483647;
			files = (
				846921F91D7D530100F8391D /* FootballDataModel.xcdatamodeld in Sources */,
				84D149921D7708A800E99CCA /* ViewController.swift in Sources */,
				846921FD1D7D53F100F8391D /* CoreDataController.swift in Sources */,
				84791D191D800AB00012CF3B /* MatchesViewController.swift in Sources */,
				8432AFC31D86EA2000A6461B /* MatchesTableViewCell.swift in Sources */,
				8451560D1D782C8700A357BD /* VKCheckbox.swift in Sources */,
				8451560A1D7820D500A357BD /* CompititionTableViewCell.swift in Sources */,
				84791D1D1D8031630012CF3B /* ViewController1.swift in Sources */,
				84DA555D1D77FF510060E6BC /* CompititionModal.swift in Sources */,
				84D149901D7708A800E99CCA /* AppDelegate.swift in Sources */,
				84DA555B1D77FD080060E6BC /* Constant.swift in Sources */,
			);
			runOnlyForDeploymentPostprocessing = 0;
		};
/* End PBXSourcesBuildPhase section */

/* Begin PBXVariantGroup section */
		84D149931D7708A800E99CCA /* Main.storyboard */ = {
			isa = PBXVariantGroup;
			children = (
				84D149941D7708A800E99CCA /* Base */,
			);
			name = Main.storyboard;
			sourceTree = "<group>";
		};
		84D149981D7708A800E99CCA /* LaunchScreen.storyboard */ = {
			isa = PBXVariantGroup;
			children = (
				84D149991D7708A800E99CCA /* Base */,
			);
			name = LaunchScreen.storyboard;
			sourceTree = "<group>";
		};
/* End PBXVariantGroup section */

/* Begin XCBuildConfiguration section */
		84D1499C1D7708A800E99CCA /* Debug */ = {
			isa = XCBuildConfiguration;
			buildSettings = {
				ALWAYS_SEARCH_USER_PATHS = NO;
				CLANG_ANALYZER_NONNULL = YES;
				CLANG_CXX_LANGUAGE_STANDARD = "gnu++0x";
				CLANG_CXX_LIBRARY = "libc++";
				CLANG_ENABLE_MODULES = YES;
				CLANG_ENABLE_OBJC_ARC = YES;
				CLANG_WARN_BOOL_CONVERSION = YES;
				CLANG_WARN_CONSTANT_CONVERSION = YES;
				CLANG_WARN_DIRECT_OBJC_ISA_USAGE = YES_ERROR;
				CLANG_WARN_EMPTY_BODY = YES;
				CLANG_WARN_ENUM_CONVERSION = YES;
				CLANG_WARN_INT_CONVERSION = YES;
				CLANG_WARN_OBJC_ROOT_CLASS = YES_ERROR;
				CLANG_WARN_UNREACHABLE_CODE = YES;
				CLANG_WARN__DUPLICATE_METHOD_MATCH = YES;
				"CODE_SIGN_IDENTITY[sdk=iphoneos*]" = "iPhone Developer";
				COPY_PHASE_STRIP = NO;
				DEBUG_INFORMATION_FORMAT = dwarf;
				ENABLE_STRICT_OBJC_MSGSEND = YES;
				ENABLE_TESTABILITY = YES;
				GCC_C_LANGUAGE_STANDARD = gnu99;
				GCC_DYNAMIC_NO_PIC = NO;
				GCC_NO_COMMON_BLOCKS = YES;
				GCC_OPTIMIZATION_LEVEL = 0;
				GCC_PREPROCESSOR_DEFINITIONS = (
					"DEBUG=1",
					"$(inherited)",
				);
				GCC_WARN_64_TO_32_BIT_CONVERSION = YES;
				GCC_WARN_ABOUT_RETURN_TYPE = YES_ERROR;
				GCC_WARN_UNDECLARED_SELECTOR = YES;
				GCC_WARN_UNINITIALIZED_AUTOS = YES_AGGRESSIVE;
				GCC_WARN_UNUSED_FUNCTION = YES;
				GCC_WARN_UNUSED_VARIABLE = YES;
				IPHONEOS_DEPLOYMENT_TARGET = 9.3;
				MTL_ENABLE_DEBUG_INFO = YES;
				ONLY_ACTIVE_ARCH = YES;
				SDKROOT = iphoneos;
				SWIFT_OPTIMIZATION_LEVEL = "-Onone";
				TARGETED_DEVICE_FAMILY = "1,2";
			};
			name = Debug;
		};
		84D1499D1D7708A800E99CCA /* Release */ = {
			isa = XCBuildConfiguration;
			buildSettings = {
				ALWAYS_SEARCH_USER_PATHS = NO;
				CLANG_ANALYZER_NONNULL = YES;
				CLANG_CXX_LANGUAGE_STANDARD = "gnu++0x";
				CLANG_CXX_LIBRARY = "libc++";
				CLANG_ENABLE_MODULES = YES;
				CLANG_ENABLE_OBJC_ARC = YES;
				CLANG_WARN_BOOL_CONVERSION = YES;
				CLANG_WARN_CONSTANT_CONVERSION = YES;
				CLANG_WARN_DIRECT_OBJC_ISA_USAGE = YES_ERROR;
				CLANG_WARN_EMPTY_BODY = YES;
				CLANG_WARN_ENUM_CONVERSION = YES;
				CLANG_WARN_INT_CONVERSION = YES;
				CLANG_WARN_OBJC_ROOT_CLASS = YES_ERROR;
				CLANG_WARN_UNREACHABLE_CODE = YES;
				CLANG_WARN__DUPLICATE_METHOD_MATCH = YES;
				"CODE_SIGN_IDENTITY[sdk=iphoneos*]" = "iPhone Developer";
				COPY_PHASE_STRIP = NO;
				DEBUG_INFORMATION_FORMAT = "dwarf-with-dsym";
				ENABLE_NS_ASSERTIONS = NO;
				ENABLE_STRICT_OBJC_MSGSEND = YES;
				GCC_C_LANGUAGE_STANDARD = gnu99;
				GCC_NO_COMMON_BLOCKS = YES;
				GCC_WARN_64_TO_32_BIT_CONVERSION = YES;
				GCC_WARN_ABOUT_RETURN_TYPE = YES_ERROR;
				GCC_WARN_UNDECLARED_SELECTOR = YES;
				GCC_WARN_UNINITIALIZED_AUTOS = YES_AGGRESSIVE;
				GCC_WARN_UNUSED_FUNCTION = YES;
				GCC_WARN_UNUSED_VARIABLE = YES;
				IPHONEOS_DEPLOYMENT_TARGET = 9.3;
				MTL_ENABLE_DEBUG_INFO = NO;
				SDKROOT = iphoneos;
				TARGETED_DEVICE_FAMILY = "1,2";
				VALIDATE_PRODUCT = YES;
			};
			name = Release;
		};
		84D1499F1D7708A800E99CCA /* Debug */ = {
			isa = XCBuildConfiguration;
			buildSettings = {
				ASSETCATALOG_COMPILER_APPICON_NAME = AppIcon;
				FRAMEWORK_SEARCH_PATHS = (
					"$(inherited)",
					"$(PROJECT_DIR)",
					"$(PROJECT_DIR)/FootballApp",
				);
				INFOPLIST_FILE = FootballApp/Info.plist;
				LD_RUNPATH_SEARCH_PATHS = "$(inherited) @executable_path/Frameworks";
				PRODUCT_BUNDLE_IDENTIFIER = com.app.FootballApp;
				PRODUCT_NAME = "$(TARGET_NAME)";
			};
			name = Debug;
		};
		84D149A01D7708A800E99CCA /* Release */ = {
			isa = XCBuildConfiguration;
			buildSettings = {
				ASSETCATALOG_COMPILER_APPICON_NAME = AppIcon;
				FRAMEWORK_SEARCH_PATHS = (
					"$(inherited)",
					"$(PROJECT_DIR)",
					"$(PROJECT_DIR)/FootballApp",
				);
				INFOPLIST_FILE = FootballApp/Info.plist;
				LD_RUNPATH_SEARCH_PATHS = "$(inherited) @executable_path/Frameworks";
				PRODUCT_BUNDLE_IDENTIFIER = com.app.FootballApp;
				PRODUCT_NAME = "$(TARGET_NAME)";
			};
			name = Release;
		};
/* End XCBuildConfiguration section */

/* Begin XCConfigurationList section */
		84D149871D7708A800E99CCA /* Build configuration list for PBXProject "FootballApp" */ = {
			isa = XCConfigurationList;
			buildConfigurations = (
				84D1499C1D7708A800E99CCA /* Debug */,
				84D1499D1D7708A800E99CCA /* Release */,
			);
			defaultConfigurationIsVisible = 0;
			defaultConfigurationName = Release;
		};
		84D1499E1D7708A800E99CCA /* Build configuration list for PBXNativeTarget "FootballApp" */ = {
			isa = XCConfigurationList;
			buildConfigurations = (
				84D1499F1D7708A800E99CCA /* Debug */,
				84D149A01D7708A800E99CCA /* Release */,
			);
			defaultConfigurationIsVisible = 0;
			defaultConfigurationName = Release;
		};
/* End XCConfigurationList section */

/* Begin XCVersionGroup section */
		846921F71D7D530100F8391D /* FootballDataModel.xcdatamodeld */ = {
			isa = XCVersionGroup;
			children = (
				846921F81D7D530100F8391D /* FootballDataModel.xcdatamodel */,
			);
			currentVersion = 846921F81D7D530100F8391D /* FootballDataModel.xcdatamodel */;
			path = FootballDataModel.xcdatamodeld;
			sourceTree = "<group>";
			versionGroupType = wrapper.xcdatamodel;
		};
/* End XCVersionGroup section */
	};
	rootObject = 84D149841D7708A800E99CCA /* Project object */;
}
